# This file was autogenerated by Stack.
# You should not edit this file by hand.
# For more information, please see the documentation at:
#   https://docs.haskellstack.org/en/stable/lock_files

packages:
- completed:
    hackage: box-0.3.0@sha256:58ccaa487b9db44347ecdec0d33d0b4ee9538c76e5faf114d3b64761f78d9bf7,2546
    pantry-tree:
      size: 1294
      sha256: 5bf042364abf582c4f8e933f4e0016f546cfc1c56fb87fead2901c86deaeac98
  original:
    hackage: box-0.3.0
- completed:
    hackage: interpolatedstring-perl6-1.0.2@sha256:7ce49c8a69a2a1b89c001ed79db2aab656ffd0faf2a7a701a553b6deb5c8ba7f,1073
    pantry-tree:
      size: 300
      sha256: f7f0b06c58db814d1f12ed6f4f4cb67ff8c72e51da61c04db12c2aedb896542e
  original:
    hackage: interpolatedstring-perl6-1.0.2
- completed:
    hackage: javascript-bridge-0.2.0@sha256:851bf3abef5b7ee66dc2019d818288d9ea4dbeb8bc90de92eca75d08a5db6eec,3242
    pantry-tree:
      size: 753
      sha256: a516002d05f3b2ba83d020e5c2370d9d462446853bdd9948810d5627e269fa7a
  original:
    hackage: javascript-bridge-0.2.0
- completed:
    hackage: lucid-svg-0.7.1@sha256:012455fd2b1ec6b0f3bba405fd66c99cc6d26592bf25c2624741969567c6e510,1088
    pantry-tree:
      size: 456
      sha256: 46cd22d19a82b9defe4cdec84eaca2fbc804d81515631f0afdb7f2c76a7b548a
  original:
    hackage: lucid-svg-0.7.1
- completed:
    hackage: numhask-space-0.3.1@sha256:6a3c13d04b940fcf2e6823136a8041c4ad30f85edbd623ee42cadd5128c91b1c,1537
    pantry-tree:
      size: 675
      sha256: ee2899995f926d12a5a29da1673252735e6be51af18b26d97e563762023adaf1
  original:
    hackage: numhask-space-0.3.1
- completed:
    hackage: palette-0.3.0.2@sha256:583ab3b018a26ae8788c6a13007d72edeb9231315da8728b9bb4ff5f4236a374,1522
    pantry-tree:
      size: 6342
      sha256: fd476440e94fc797e7dfe033c88c8925c23aaf8ea40cdccbfff9c132760cdc64
  original:
    hackage: palette-0.3.0.2
- completed:
    hackage: tdigest-0.2.1@sha256:7e95247641b6a831b11ebef2e277f3fff3503bf19b71ec8372ae17b7deff6020,3231
    pantry-tree:
      size: 1299
      sha256: 04a29843c7ffa4fe819fb4be2fd09d9171c6f61294014f45066fb3d74ad0effb
  original:
    hackage: tdigest-0.2.1
- completed:
    hackage: text-format-0.3.2@sha256:ea4e0cfd66e5a0224cbff2753eb160e71c9e383e86f293db77adeba5706bab94,1766
    pantry-tree:
      size: 1029
      sha256: 8eab17d8e2ddcd878e7899f470bc23b9343b2a58a2e253a1a571ff09017799af
  original:
    hackage: text-format-0.3.2
snapshots:
- completed:
    size: 491387
    url: https://raw.githubusercontent.com/commercialhaskell/stackage-snapshots/master/lts/15/6.yaml
    sha256: 8d81505a6de861e167a58534ab62330afb75bfa108735c7db1204f7ef2a39d79
  original: lts-15.6
